
Microsoft Visual Studio Solution File, Format Version 12.00
# Visual Studio 15
VisualStudioVersion = 15.0.28307.539
MinimumVisualStudioVersion = 10.0.40219.1
Project("{FAE04EC0-301F-11D3-BF4B-00C04F79EFBC}") = "Minesweeper", "Minesweeper\Minesweeper.csproj", "{05E1EC50-4A4C-4F05-BE72-0CD46B5715FE}"
EndProject
Project("{2150E333-8FDC-42A3-9474-1A3956D46DE8}") = "Solution Items", "Solution Items", "{0296F7B2-E93A-4E45-8331-14B3204B5E7D}"
	ProjectSection(SolutionItems) = preProject
		LICENSE = LICENSE
		README.md = README.md
	EndProjectSection
EndProject
Project("{2150E333-8FDC-42A3-9474-1A3956D46DE8}") = "res", "res", "{EA7C7358-45A8-41F3-9FB8-D2A1631F005F}"
	ProjectSection(SolutionItems) = preProject
		res\-1.png = res\-1.png
		res\0.png = res\0.png
		res\1.png = res\1.png
		res\2.png = res\2.png
		res\3.png = res\3.png
		res\4.png = res\4.png
		res\5.png = res\5.png
		res\6.png = res\6.png
		res\7.png = res\7.png
		res\8.png = res\8.png
		res\hidden.png = res\hidden.png
		res\marked.png = res\marked.png
	EndProjectSection
EndProject
Global
	GlobalSection(SolutionConfigurationPlatforms) = preSolution
		Debug|Any CPU = Debug|Any CPU
		Release|Any CPU = Release|Any CPU
	EndGlobalSection
	GlobalSection(ProjectConfigurationPlatforms) = postSolution
		{05E1EC50-4A4C-4F05-BE72-0CD46B5715FE}.Debug|Any CPU.ActiveCfg = Debug|Any CPU
		{05E1EC50-4A4C-4F05-BE72-0CD46B5715FE}.Debug|Any CPU.Build.0 = Debug|Any CPU
		{05E1EC50-4A4C-4F05-BE72-0CD46B5715FE}.Release|Any CPU.ActiveCfg = Release|Any CPU
		{05E1EC50-4A4C-4F05-BE72-0CD46B5715FE}.Release|Any CPU.Build.0 = Release|Any CPU
	EndGlobalSection
	GlobalSection(SolutionProperties) = preSolution
		HideSolutionNode = FALSE
	EndGlobalSection
	GlobalSection(NestedProjects) = preSolution
		{EA7C7358-45A8-41F3-9FB8-D2A1631F005F} = {0296F7B2-E93A-4E45-8331-14B3204B5E7D}
	EndGlobalSection
	GlobalSection(ExtensibilityGlobals) = postSolution
		SolutionGuid = {C53BBD3D-B341-42A2-9909-5B6FD1E554A4}
	EndGlobalSection
EndGlobal
